
Microsoft Visual Studio Solution File, Format Version 12.00
# Visual Studio 15
VisualStudioVersion = 15.0.27130.2027
MinimumVisualStudioVersion = 10.0.40219.1
Project("{FAE04EC0-301F-11D3-BF4B-00C04F79EFBC}") = "PruebaTecnica.Android", "PruebaTecnica\PruebaTecnica.Android\PruebaTecnica.Android.csproj", "{25118E4A-36B2-4F2C-8189-751A52EB3EE8}"
EndProject
Project("{FAE04EC0-301F-11D3-BF4B-00C04F79EFBC}") = "PruebaTecnica.iOS", "PruebaTecnica\PruebaTecnica.iOS\PruebaTecnica.iOS.csproj", "{93389442-FF57-49F2-AD25-AC31F669A836}"
EndProject
Project("{FAE04EC0-301F-11D3-BF4B-00C04F79EFBC}") = "PruebaTecnica.UWP", "PruebaTecnica\PruebaTecnica.UWP\PruebaTecnica.UWP.csproj", "{A5EA897E-19A9-4E68-9674-BD6B1B0621DD}"
EndProject
Project("{FAE04EC0-301F-11D3-BF4B-00C04F79EFBC}") = "PruebaTecnica", "PruebaTecnica\PruebaTecnica\PruebaTecnica.csproj", "{4EECB0F4-0265-4F9B-B063-CF70EB6AA431}"
EndProject
Global
	GlobalSection(SolutionConfigurationPlatforms) = preSolution
		Ad-Hoc|Any CPU = Ad-Hoc|Any CPU
		Ad-Hoc|ARM = Ad-Hoc|ARM
		Ad-Hoc|iPhone = Ad-Hoc|iPhone
		Ad-Hoc|iPhoneSimulator = Ad-Hoc|iPhoneSimulator
		Ad-Hoc|x64 = Ad-Hoc|x64
		Ad-Hoc|x86 = Ad-Hoc|x86
		AppStore|Any CPU = AppStore|Any CPU
		AppStore|ARM = AppStore|ARM
		AppStore|iPhone = AppStore|iPhone
		AppStore|iPhoneSimulator = AppStore|iPhoneSimulator
		AppStore|x64 = AppStore|x64
		AppStore|x86 = AppStore|x86
		Debug|Any CPU = Debug|Any CPU
		Debug|ARM = Debug|ARM
		Debug|iPhone = Debug|iPhone
		Debug|iPhoneSimulator = Debug|iPhoneSimulator
		Debug|x64 = Debug|x64
		Debug|x86 = Debug|x86
		Release|Any CPU = Release|Any CPU
		Release|ARM = Release|ARM
		Release|iPhone = Release|iPhone
		Release|iPhoneSimulator = Release|iPhoneSimulator
		Release|x64 = Release|x64
		Release|x86 = Release|x86
	EndGlobalSection
	GlobalSection(ProjectConfigurationPlatforms) = postSolution
		{25118E4A-36B2-4F2C-8189-751A52EB3EE8}.Ad-Hoc|Any CPU.ActiveCfg = Release|Any CPU
		{25118E4A-36B2-4F2C-8189-751A52EB3EE8}.Ad-Hoc|Any CPU.Build.0 = Release|Any CPU
		{25118E4A-36B2-4F2C-8189-751A52EB3EE8}.Ad-Hoc|Any CPU.Deploy.0 = Release|Any CPU
		{25118E4A-36B2-4F2C-8189-751A52EB3EE8}.Ad-Hoc|ARM.ActiveCfg = Release|Any CPU
		{25118E4A-36B2-4F2C-8189-751A52EB3EE8}.Ad-Hoc|ARM.Build.0 = Release|Any CPU
		{25118E4A-36B2-4F2C-8189-751A52EB3EE8}.Ad-Hoc|ARM.Deploy.0 = Release|Any CPU
		{25118E4A-36B2-4F2C-8189-751A52EB3EE8}.Ad-Hoc|iPhone.ActiveCfg = Release|Any CPU
		{25118E4A-36B2-4F2C-8189-751A52EB3EE8}.Ad-Hoc|iPhone.Build.0 = Release|Any CPU
		{25118E4A-36B2-4F2C-8189-751A52EB3EE8}.Ad-Hoc|iPhone.Deploy.0 = Release|Any CPU
		{25118E4A-36B2-4F2C-8189-751A52EB3EE8}.Ad-Hoc|iPhoneSimulator.ActiveCfg = Release|Any CPU
		{25118E4A-36B2-4F2C-8189-751A52EB3EE8}.Ad-Hoc|iPhoneSimulator.Build.0 = Release|Any CPU
		{25118E4A-36B2-4F2C-8189-751A52EB3EE8}.Ad-Hoc|iPhoneSimulator.Deploy.0 = Release|Any CPU
		{25118E4A-36B2-4F2C-8189-751A52EB3EE8}.Ad-Hoc|x64.ActiveCfg = Release|Any CPU
		{25118E4A-36B2-4F2C-8189-751A52EB3EE8}.Ad-Hoc|x64.Build.0 = Release|Any CPU
		{25118E4A-36B2-4F2C-8189-751A52EB3EE8}.Ad-Hoc|x64.Deploy.0 = Release|Any CPU
		{25118E4A-36B2-4F2C-8189-751A52EB3EE8}.Ad-Hoc|x86.ActiveCfg = Release|Any CPU
		{25118E4A-36B2-4F2C-8189-751A52EB3EE8}.Ad-Hoc|x86.Build.0 = Release|Any CPU
		{25118E4A-36B2-4F2C-8189-751A52EB3EE8}.Ad-Hoc|x86.Deploy.0 = Release|Any CPU
		{25118E4A-36B2-4F2C-8189-751A52EB3EE8}.AppStore|Any CPU.ActiveCfg = Release|Any CPU
		{25118E4A-36B2-4F2C-8189-751A52EB3EE8}.AppStore|Any CPU.Build.0 = Release|Any CPU
		{25118E4A-36B2-4F2C-8189-751A52EB3EE8}.AppStore|Any CPU.Deploy.0 = Release|Any CPU
		{25118E4A-36B2-4F2C-8189-751A52EB3EE8}.AppStore|ARM.ActiveCfg = Release|Any CPU
		{25118E4A-36B2-4F2C-8189-751A52EB3EE8}.AppStore|ARM.Build.0 = Release|Any CPU
		{25118E4A-36B2-4F2C-8189-751A52EB3EE8}.AppStore|ARM.Deploy.0 = Release|Any CPU
		{25118E4A-36B2-4F2C-8189-751A52EB3EE8}.AppStore|iPhone.ActiveCfg = Release|Any CPU
		{25118E4A-36B2-4F2C-8189-751A52EB3EE8}.AppStore|iPhone.Build.0 = Release|Any CPU
		{25118E4A-36B2-4F2C-8189-751A52EB3EE8}.AppStore|iPhone.Deploy.0 = Release|Any CPU
		{25118E4A-36B2-4F2C-8189-751A52EB3EE8}.AppStore|iPhoneSimulator.ActiveCfg = Release|Any CPU
		{25118E4A-36B2-4F2C-8189-751A52EB3EE8}.AppStore|iPhoneSimulator.Build.0 = Release|Any CPU
		{25118E4A-36B2-4F2C-8189-751A52EB3EE8}.AppStore|iPhoneSimulator.Deploy.0 = Release|Any CPU
		{25118E4A-36B2-4F2C-8189-751A52EB3EE8}.AppStore|x64.ActiveCfg = Release|Any CPU
		{25118E4A-36B2-4F2C-8189-751A52EB3EE8}.AppStore|x64.Build.0 = Release|Any CPU
		{25118E4A-36B2-4F2C-8189-751A52EB3EE8}.AppStore|x64.Deploy.0 = Release|Any CPU
		{25118E4A-36B2-4F2C-8189-751A52EB3EE8}.AppStore|x86.ActiveCfg = Release|Any CPU
		{25118E4A-36B2-4F2C-8189-751A52EB3EE8}.AppStore|x86.Build.0 = Release|Any CPU
		{25118E4A-36B2-4F2C-8189-751A52EB3EE8}.AppStore|x86.Deploy.0 = Release|Any CPU
		{25118E4A-36B2-4F2C-8189-751A52EB3EE8}.Debug|Any CPU.ActiveCfg = Debug|Any CPU
		{25118E4A-36B2-4F2C-8189-751A52EB3EE8}.Debug|Any CPU.Build.0 = Debug|Any CPU
		{25118E4A-36B2-4F2C-8189-751A52EB3EE8}.Debug|Any CPU.Deploy.0 = Debug|Any CPU
		{25118E4A-36B2-4F2C-8189-751A52EB3EE8}.Debug|ARM.ActiveCfg = Debug|Any CPU
		{25118E4A-36B2-4F2C-8189-751A52EB3EE8}.Debug|ARM.Build.0 = Debug|Any CPU
		{25118E4A-36B2-4F2C-8189-751A52EB3EE8}.Debug|ARM.Deploy.0 = Debug|Any CPU
		{25118E4A-36B2-4F2C-8189-751A52EB3EE8}.Debug|iPhone.ActiveCfg = Debug|Any CPU
		{25118E4A-36B2-4F2C-8189-751A52EB3EE8}.Debug|iPhone.Build.0 = Debug|Any CPU
		{25118E4A-36B2-4F2C-8189-751A52EB3EE8}.Debug|iPhone.Deploy.0 = Debug|Any CPU
		{25118E4A-36B2-4F2C-8189-751A52EB3EE8}.Debug|iPhoneSimulator.ActiveCfg = Debug|Any CPU
		{25118E4A-36B2-4F2C-8189-751A52EB3EE8}.Debug|iPhoneSimulator.Build.0 = Debug|Any CPU
		{25118E4A-36B2-4F2C-8189-751A52EB3EE8}.Debug|iPhoneSimulator.Deploy.0 = Debug|Any CPU
		{25118E4A-36B2-4F2C-8189-751A52EB3EE8}.Debug|x64.ActiveCfg = Debug|Any CPU
		{25118E4A-36B2-4F2C-8189-751A52EB3EE8}.Debug|x64.Build.0 = Debug|Any CPU
		{25118E4A-36B2-4F2C-8189-751A52EB3EE8}.Debug|x64.Deploy.0 = Debug|Any CPU
		{25118E4A-36B2-4F2C-8189-751A52EB3EE8}.Debug|x86.ActiveCfg = Debug|Any CPU
		{25118E4A-36B2-4F2C-8189-751A52EB3EE8}.Debug|x86.Build.0 = Debug|Any CPU
		{25118E4A-36B2-4F2C-8189-751A52EB3EE8}.Debug|x86.Deploy.0 = Debug|Any CPU
		{25118E4A-36B2-4F2C-8189-751A52EB3EE8}.Release|Any CPU.ActiveCfg = Release|Any CPU
		{25118E4A-36B2-4F2C-8189-751A52EB3EE8}.Release|Any CPU.Build.0 = Release|Any CPU
		{25118E4A-36B2-4F2C-8189-751A52EB3EE8}.Release|Any CPU.Deploy.0 = Release|Any CPU
		{25118E4A-36B2-4F2C-8189-751A52EB3EE8}.Release|ARM.ActiveCfg = Release|Any CPU
		{25118E4A-36B2-4F2C-8189-751A52EB3EE8}.Release|ARM.Build.0 = Release|Any CPU
		{25118E4A-36B2-4F2C-8189-751A52EB3EE8}.Release|ARM.Deploy.0 = Release|Any CPU
		{25118E4A-36B2-4F2C-8189-751A52EB3EE8}.Release|iPhone.ActiveCfg = Release|Any CPU
		{25118E4A-36B2-4F2C-8189-751A52EB3EE8}.Release|iPhone.Build.0 = Release|Any CPU
		{25118E4A-36B2-4F2C-8189-751A52EB3EE8}.Release|iPhone.Deploy.0 = Release|Any CPU
		{25118E4A-36B2-4F2C-8189-751A52EB3EE8}.Release|iPhoneSimulator.ActiveCfg = Release|Any CPU
		{25118E4A-36B2-4F2C-8189-751A52EB3EE8}.Release|iPhoneSimulator.Build.0 = Release|Any CPU
		{25118E4A-36B2-4F2C-8189-751A52EB3EE8}.Release|iPhoneSimulator.Deploy.0 = Release|Any CPU
		{25118E4A-36B2-4F2C-8189-751A52EB3EE8}.Release|x64.ActiveCfg = Release|Any CPU
		{25118E4A-36B2-4F2C-8189-751A52EB3EE8}.Release|x64.Build.0 = Release|Any CPU
		{25118E4A-36B2-4F2C-8189-751A52EB3EE8}.Release|x64.Deploy.0 = Release|Any CPU
		{25118E4A-36B2-4F2C-8189-751A52EB3EE8}.Release|x86.ActiveCfg = Release|Any CPU
		{25118E4A-36B2-4F2C-8189-751A52EB3EE8}.Release|x86.Build.0 = Release|Any CPU
		{25118E4A-36B2-4F2C-8189-751A52EB3EE8}.Release|x86.Deploy.0 = Release|Any CPU
		{93389442-FF57-49F2-AD25-AC31F669A836}.Ad-Hoc|Any CPU.ActiveCfg = Ad-Hoc|iPhone
		{93389442-FF57-49F2-AD25-AC31F669A836}.Ad-Hoc|ARM.ActiveCfg = Ad-Hoc|iPhone
		{93389442-FF57-49F2-AD25-AC31F669A836}.Ad-Hoc|iPhone.ActiveCfg = Ad-Hoc|iPhone
		{93389442-FF57-49F2-AD25-AC31F669A836}.Ad-Hoc|iPhone.Build.0 = Ad-Hoc|iPhone
		{93389442-FF57-49F2-AD25-AC31F669A836}.Ad-Hoc|iPhoneSimulator.ActiveCfg = Ad-Hoc|iPhoneSimulator
		{93389442-FF57-49F2-AD25-AC31F669A836}.Ad-Hoc|iPhoneSimulator.Build.0 = Ad-Hoc|iPhoneSimulator
		{93389442-FF57-49F2-AD25-AC31F669A836}.Ad-Hoc|x64.ActiveCfg = Ad-Hoc|iPhone
		{93389442-FF57-49F2-AD25-AC31F669A836}.Ad-Hoc|x86.ActiveCfg = Ad-Hoc|iPhone
		{93389442-FF57-49F2-AD25-AC31F669A836}.AppStore|Any CPU.ActiveCfg = AppStore|iPhone
		{93389442-FF57-49F2-AD25-AC31F669A836}.AppStore|ARM.ActiveCfg = AppStore|iPhone
		{93389442-FF57-49F2-AD25-AC31F669A836}.AppStore|iPhone.ActiveCfg = AppStore|iPhone
		{93389442-FF57-49F2-AD25-AC31F669A836}.AppStore|iPhone.Build.0 = AppStore|iPhone
		{93389442-FF57-49F2-AD25-AC31F669A836}.AppStore|iPhoneSimulator.ActiveCfg = AppStore|iPhoneSimulator
		{93389442-FF57-49F2-AD25-AC31F669A836}.AppStore|iPhoneSimulator.Build.0 = AppStore|iPhoneSimulator
		{93389442-FF57-49F2-AD25-AC31F669A836}.AppStore|x64.ActiveCfg = AppStore|iPhone
		{93389442-FF57-49F2-AD25-AC31F669A836}.AppStore|x86.ActiveCfg = AppStore|iPhone
		{93389442-FF57-49F2-AD25-AC31F669A836}.Debug|Any CPU.ActiveCfg = Debug|iPhone
		{93389442-FF57-49F2-AD25-AC31F669A836}.Debug|ARM.ActiveCfg = Debug|iPhone
		{93389442-FF57-49F2-AD25-AC31F669A836}.Debug|iPhone.ActiveCfg = Debug|iPhone
		{93389442-FF57-49F2-AD25-AC31F669A836}.Debug|iPhone.Build.0 = Debug|iPhone
		{93389442-FF57-49F2-AD25-AC31F669A836}.Debug|iPhoneSimulator.ActiveCfg = Debug|iPhoneSimulator
		{93389442-FF57-49F2-AD25-AC31F669A836}.Debug|iPhoneSimulator.Build.0 = Debug|iPhoneSimulator
		{93389442-FF57-49F2-AD25-AC31F669A836}.Debug|x64.ActiveCfg = Debug|iPhone
		{93389442-FF57-49F2-AD25-AC31F669A836}.Debug|x86.ActiveCfg = Debug|iPhone
		{93389442-FF57-49F2-AD25-AC31F669A836}.Release|Any CPU.ActiveCfg = Release|iPhone
		{93389442-FF57-49F2-AD25-AC31F669A836}.Release|ARM.ActiveCfg = Release|iPhone
		{93389442-FF57-49F2-AD25-AC31F669A836}.Release|iPhone.ActiveCfg = Release|iPhone
		{93389442-FF57-49F2-AD25-AC31F669A836}.Release|iPhone.Build.0 = Release|iPhone
		{93389442-FF57-49F2-AD25-AC31F669A836}.Release|iPhoneSimulator.ActiveCfg = Release|iPhoneSimulator
		{93389442-FF57-49F2-AD25-AC31F669A836}.Release|iPhoneSimulator.Build.0 = Release|iPhoneSimulator
		{93389442-FF57-49F2-AD25-AC31F669A836}.Release|x64.ActiveCfg = Release|iPhone
		{93389442-FF57-49F2-AD25-AC31F669A836}.Release|x86.ActiveCfg = Release|iPhone
		{A5EA897E-19A9-4E68-9674-BD6B1B0621DD}.Ad-Hoc|Any CPU.ActiveCfg = Release|x86
		{A5EA897E-19A9-4E68-9674-BD6B1B0621DD}.Ad-Hoc|Any CPU.Build.0 = Release|x86
		{A5EA897E-19A9-4E68-9674-BD6B1B0621DD}.Ad-Hoc|Any CPU.Deploy.0 = Release|x86
		{A5EA897E-19A9-4E68-9674-BD6B1B0621DD}.Ad-Hoc|ARM.ActiveCfg = Release|ARM
		{A5EA897E-19A9-4E68-9674-BD6B1B0621DD}.Ad-Hoc|ARM.Build.0 = Release|ARM
		{A5EA897E-19A9-4E68-9674-BD6B1B0621DD}.Ad-Hoc|ARM.Deploy.0 = Release|ARM
		{A5EA897E-19A9-4E68-9674-BD6B1B0621DD}.Ad-Hoc|iPhone.ActiveCfg = Release|x86
		{A5EA897E-19A9-4E68-9674-BD6B1B0621DD}.Ad-Hoc|iPhone.Build.0 = Release|x86
		{A5EA897E-19A9-4E68-9674-BD6B1B0621DD}.Ad-Hoc|iPhone.Deploy.0 = Release|x86
		{A5EA897E-19A9-4E68-9674-BD6B1B0621DD}.Ad-Hoc|iPhoneSimulator.ActiveCfg = Release|x86
		{A5EA897E-19A9-4E68-9674-BD6B1B0621DD}.Ad-Hoc|iPhoneSimulator.Build.0 = Release|x86
		{A5EA897E-19A9-4E68-9674-BD6B1B0621DD}.Ad-Hoc|iPhoneSimulator.Deploy.0 = Release|x86
		{A5EA897E-19A9-4E68-9674-BD6B1B0621DD}.Ad-Hoc|x64.ActiveCfg = Release|x64
		{A5EA897E-19A9-4E68-9674-BD6B1B0621DD}.Ad-Hoc|x64.Build.0 = Release|x64
		{A5EA897E-19A9-4E68-9674-BD6B1B0621DD}.Ad-Hoc|x64.Deploy.0 = Release|x64
		{A5EA897E-19A9-4E68-9674-BD6B1B0621DD}.Ad-Hoc|x86.ActiveCfg = Release|x86
		{A5EA897E-19A9-4E68-9674-BD6B1B0621DD}.Ad-Hoc|x86.Build.0 = Release|x86
		{A5EA897E-19A9-4E68-9674-BD6B1B0621DD}.Ad-Hoc|x86.Deploy.0 = Release|x86
		{A5EA897E-19A9-4E68-9674-BD6B1B0621DD}.AppStore|Any CPU.ActiveCfg = Release|x86
		{A5EA897E-19A9-4E68-9674-BD6B1B0621DD}.AppStore|Any CPU.Build.0 = Release|x86
		{A5EA897E-19A9-4E68-9674-BD6B1B0621DD}.AppStore|Any CPU.Deploy.0 = Release|x86
		{A5EA897E-19A9-4E68-9674-BD6B1B0621DD}.AppStore|ARM.ActiveCfg = Release|ARM
		{A5EA897E-19A9-4E68-9674-BD6B1B0621DD}.AppStore|ARM.Build.0 = Release|ARM
		{A5EA897E-19A9-4E68-9674-BD6B1B0621DD}.AppStore|ARM.Deploy.0 = Release|ARM
		{A5EA897E-19A9-4E68-9674-BD6B1B0621DD}.AppStore|iPhone.ActiveCfg = Release|x86
		{A5EA897E-19A9-4E68-9674-BD6B1B0621DD}.AppStore|iPhone.Build.0 = Release|x86
		{A5EA897E-19A9-4E68-9674-BD6B1B0621DD}.AppStore|iPhone.Deploy.0 = Release|x86
		{A5EA897E-19A9-4E68-9674-BD6B1B0621DD}.AppStore|iPhoneSimulator.ActiveCfg = Release|x86
		{A5EA897E-19A9-4E68-9674-BD6B1B0621DD}.AppStore|iPhoneSimulator.Build.0 = Release|x86
		{A5EA897E-19A9-4E68-9674-BD6B1B0621DD}.AppStore|iPhoneSimulator.Deploy.0 = Release|x86
		{A5EA897E-19A9-4E68-9674-BD6B1B0621DD}.AppStore|x64.ActiveCfg = Release|x64
		{A5EA897E-19A9-4E68-9674-BD6B1B0621DD}.AppStore|x64.Build.0 = Release|x64
		{A5EA897E-19A9-4E68-9674-BD6B1B0621DD}.AppStore|x64.Deploy.0 = Release|x64
		{A5EA897E-19A9-4E68-9674-BD6B1B0621DD}.AppStore|x86.ActiveCfg = Release|x86
		{A5EA897E-19A9-4E68-9674-BD6B1B0621DD}.AppStore|x86.Build.0 = Release|x86
		{A5EA897E-19A9-4E68-9674-BD6B1B0621DD}.AppStore|x86.Deploy.0 = Release|x86
		{A5EA897E-19A9-4E68-9674-BD6B1B0621DD}.Debug|Any CPU.ActiveCfg = Debug|x86
		{A5EA897E-19A9-4E68-9674-BD6B1B0621DD}.Debug|ARM.ActiveCfg = Debug|ARM
		{A5EA897E-19A9-4E68-9674-BD6B1B0621DD}.Debug|ARM.Build.0 = Debug|ARM
		{A5EA897E-19A9-4E68-9674-BD6B1B0621DD}.Debug|ARM.Deploy.0 = Debug|ARM
		{A5EA897E-19A9-4E68-9674-BD6B1B0621DD}.Debug|iPhone.ActiveCfg = Debug|x86
		{A5EA897E-19A9-4E68-9674-BD6B1B0621DD}.Debug|iPhoneSimulator.ActiveCfg = Debug|x86
		{A5EA897E-19A9-4E68-9674-BD6B1B0621DD}.Debug|x64.ActiveCfg = Debug|x64
		{A5EA897E-19A9-4E68-9674-BD6B1B0621DD}.Debug|x64.Build.0 = Debug|x64
		{A5EA897E-19A9-4E68-9674-BD6B1B0621DD}.Debug|x64.Deploy.0 = Debug|x64
		{A5EA897E-19A9-4E68-9674-BD6B1B0621DD}.Debug|x86.ActiveCfg = Debug|x86
		{A5EA897E-19A9-4E68-9674-BD6B1B0621DD}.Debug|x86.Build.0 = Debug|x86
		{A5EA897E-19A9-4E68-9674-BD6B1B0621DD}.Debug|x86.Deploy.0 = Debug|x86
		{A5EA897E-19A9-4E68-9674-BD6B1B0621DD}.Release|Any CPU.ActiveCfg = Release|x86
		{A5EA897E-19A9-4E68-9674-BD6B1B0621DD}.Release|ARM.ActiveCfg = Release|ARM
		{A5EA897E-19A9-4E68-9674-BD6B1B0621DD}.Release|ARM.Build.0 = Release|ARM
		{A5EA897E-19A9-4E68-9674-BD6B1B0621DD}.Release|ARM.Deploy.0 = Release|ARM
		{A5EA897E-19A9-4E68-9674-BD6B1B0621DD}.Release|iPhone.ActiveCfg = Release|x86
		{A5EA897E-19A9-4E68-9674-BD6B1B0621DD}.Release|iPhoneSimulator.ActiveCfg = Release|x86
		{A5EA897E-19A9-4E68-9674-BD6B1B0621DD}.Release|x64.ActiveCfg = Release|x64
		{A5EA897E-19A9-4E68-9674-BD6B1B0621DD}.Release|x64.Build.0 = Release|x64
		{A5EA897E-19A9-4E68-9674-BD6B1B0621DD}.Release|x64.Deploy.0 = Release|x64
		{A5EA897E-19A9-4E68-9674-BD6B1B0621DD}.Release|x86.ActiveCfg = Release|x86
		{A5EA897E-19A9-4E68-9674-BD6B1B0621DD}.Release|x86.Build.0 = Release|x86
		{A5EA897E-19A9-4E68-9674-BD6B1B0621DD}.Release|x86.Deploy.0 = Release|x86
		{4EECB0F4-0265-4F9B-B063-CF70EB6AA431}.Ad-Hoc|Any CPU.ActiveCfg = Debug|Any CPU
		{4EECB0F4-0265-4F9B-B063-CF70EB6AA431}.Ad-Hoc|Any CPU.Build.0 = Debug|Any CPU
		{4EECB0F4-0265-4F9B-B063-CF70EB6AA431}.Ad-Hoc|ARM.ActiveCfg = Debug|Any CPU
		{4EECB0F4-0265-4F9B-B063-CF70EB6AA431}.Ad-Hoc|ARM.Build.0 = Debug|Any CPU
		{4EECB0F4-0265-4F9B-B063-CF70EB6AA431}.Ad-Hoc|iPhone.ActiveCfg = Debug|Any CPU
		{4EECB0F4-0265-4F9B-B063-CF70EB6AA431}.Ad-Hoc|iPhone.Build.0 = Debug|Any CPU
		{4EECB0F4-0265-4F9B-B063-CF70EB6AA431}.Ad-Hoc|iPhoneSimulator.ActiveCfg = Debug|Any CPU
		{4EECB0F4-0265-4F9B-B063-CF70EB6AA431}.Ad-Hoc|iPhoneSimulator.Build.0 = Debug|Any CPU
		{4EECB0F4-0265-4F9B-B063-CF70EB6AA431}.Ad-Hoc|x64.ActiveCfg = Debug|Any CPU
		{4EECB0F4-0265-4F9B-B063-CF70EB6AA431}.Ad-Hoc|x64.Build.0 = Debug|Any CPU
		{4EECB0F4-0265-4F9B-B063-CF70EB6AA431}.Ad-Hoc|x86.ActiveCfg = Debug|Any CPU
		{4EECB0F4-0265-4F9B-B063-CF70EB6AA431}.Ad-Hoc|x86.Build.0 = Debug|Any CPU
		{4EECB0F4-0265-4F9B-B063-CF70EB6AA431}.AppStore|Any CPU.ActiveCfg = Debug|Any CPU
		{4EECB0F4-0265-4F9B-B063-CF70EB6AA431}.AppStore|Any CPU.Build.0 = Debug|Any CPU
		{4EECB0F4-0265-4F9B-B063-CF70EB6AA431}.AppStore|ARM.ActiveCfg = Debug|Any CPU
		{4EECB0F4-0265-4F9B-B063-CF70EB6AA431}.AppStore|ARM.Build.0 = Debug|Any CPU
		{4EECB0F4-0265-4F9B-B063-CF70EB6AA431}.AppStore|iPhone.ActiveCfg = Debug|Any CPU
		{4EECB0F4-0265-4F9B-B063-CF70EB6AA431}.AppStore|iPhone.Build.0 = Debug|Any CPU
		{4EECB0F4-0265-4F9B-B063-CF70EB6AA431}.AppStore|iPhoneSimulator.ActiveCfg = Debug|Any CPU
		{4EECB0F4-0265-4F9B-B063-CF70EB6AA431}.AppStore|iPhoneSimulator.Build.0 = Debug|Any CPU
		{4EECB0F4-0265-4F9B-B063-CF70EB6AA431}.AppStore|x64.ActiveCfg = Debug|Any CPU
		{4EECB0F4-0265-4F9B-B063-CF70EB6AA431}.AppStore|x64.Build.0 = Debug|Any CPU
		{4EECB0F4-0265-4F9B-B063-CF70EB6AA431}.AppStore|x86.ActiveCfg = Debug|Any CPU
		{4EECB0F4-0265-4F9B-B063-CF70EB6AA431}.AppStore|x86.Build.0 = Debug|Any CPU
		{4EECB0F4-0265-4F9B-B063-CF70EB6AA431}.Debug|Any CPU.ActiveCfg = Debug|Any CPU
		{4EECB0F4-0265-4F9B-B063-CF70EB6AA431}.Debug|Any CPU.Build.0 = Debug|Any CPU
		{4EECB0F4-0265-4F9B-B063-CF70EB6AA431}.Debug|ARM.ActiveCfg = Debug|Any CPU
		{4EECB0F4-0265-4F9B-B063-CF70EB6AA431}.Debug|ARM.Build.0 = Debug|Any CPU
		{4EECB0F4-0265-4F9B-B063-CF70EB6AA431}.Debug|iPhone.ActiveCfg = Debug|Any CPU
		{4EECB0F4-0265-4F9B-B063-CF70EB6AA431}.Debug|iPhone.Build.0 = Debug|Any CPU
		{4EECB0F4-0265-4F9B-B063-CF70EB6AA431}.Debug|iPhoneSimulator.ActiveCfg = Debug|Any CPU
		{4EECB0F4-0265-4F9B-B063-CF70EB6AA431}.Debug|iPhoneSimulator.Build.0 = Debug|Any CPU
		{4EECB0F4-0265-4F9B-B063-CF70EB6AA431}.Debug|x64.ActiveCfg = Debug|Any CPU
		{4EECB0F4-0265-4F9B-B063-CF70EB6AA431}.Debug|x64.Build.0 = Debug|Any CPU
		{4EECB0F4-0265-4F9B-B063-CF70EB6AA431}.Debug|x86.ActiveCfg = Debug|Any CPU
		{4EECB0F4-0265-4F9B-B063-CF70EB6AA431}.Debug|x86.Build.0 = Debug|Any CPU
		{4EECB0F4-0265-4F9B-B063-CF70EB6AA431}.Release|Any CPU.ActiveCfg = Release|Any CPU
		{4EECB0F4-0265-4F9B-B063-CF70EB6AA431}.Release|Any CPU.Build.0 = Release|Any CPU
		{4EECB0F4-0265-4F9B-B063-CF70EB6AA431}.Release|ARM.ActiveCfg = Release|Any CPU
		{4EECB0F4-0265-4F9B-B063-CF70EB6AA431}.Release|ARM.Build.0 = Release|Any CPU
		{4EECB0F4-0265-4F9B-B063-CF70EB6AA431}.Release|iPhone.ActiveCfg = Release|Any CPU
		{4EECB0F4-0265-4F9B-B063-CF70EB6AA431}.Release|iPhone.Build.0 = Release|Any CPU
		{4EECB0F4-0265-4F9B-B063-CF70EB6AA431}.Release|iPhoneSimulator.ActiveCfg = Release|Any CPU
		{4EECB0F4-0265-4F9B-B063-CF70EB6AA431}.Release|iPhoneSimulator.Build.0 = Release|Any CPU
		{4EECB0F4-0265-4F9B-B063-CF70EB6AA431}.Release|x64.ActiveCfg = Release|Any CPU
		{4EECB0F4-0265-4F9B-B063-CF70EB6AA431}.Release|x64.Build.0 = Release|Any CPU
		{4EECB0F4-0265-4F9B-B063-CF70EB6AA431}.Release|x86.ActiveCfg = Release|Any CPU
		{4EECB0F4-0265-4F9B-B063-CF70EB6AA431}.Release|x86.Build.0 = Release|Any CPU
	EndGlobalSection
	GlobalSection(SolutionProperties) = preSolution
		HideSolutionNode = FALSE
	EndGlobalSection
	GlobalSection(ExtensibilityGlobals) = postSolution
		SolutionGuid = {B69AD31B-62D4-4586-9FCE-C758B8FB56DC}
	EndGlobalSection
EndGlobal
